{
  "name": "thunderdome-e2e-test",
  "version": "0.0.0",
  "lockfileVersion": 2,
  "requires": true,
  "packages": {
    "": {
      "name": "thunderdome-e2e-test",
      "version": "0.0.0",
      "license": "Apache-2.0",
      "devDependencies": {
        "@estruyf/github-actions-reporter": "^1.6.0",
        "@playwright/test": "^1.47.1",
        "pg": "^8.11.0",
        "prettier": "^3.0.3"
      }
    },
    "node_modules/@actions/core": {
      "version": "1.10.1",
      "resolved": "https://registry.npmjs.org/@actions/core/-/core-1.10.1.tgz",
      "integrity": "sha512-3lBR9EDAY+iYIpTnTIXmWcNbX3T2kCkAEQGIQx4NVQ0575nk2k3GRZDTPQG+vVtS2izSLmINlxXf0uLtnrTP+g==",
      "dev": true,
      "dependencies": {
        "@actions/http-client": "^2.0.1",
        "uuid": "^8.3.2"
      }
    },
    "node_modules/@actions/http-client": {
      "version": "2.2.1",
      "resolved": "https://registry.npmjs.org/@actions/http-client/-/http-client-2.2.1.tgz",
      "integrity": "sha512-KhC/cZsq7f8I4LfZSJKgCvEwfkE8o1538VoBeoGzokVLLnbFDEAdFD3UhoMklxo2un9NJVBdANOresx7vTHlHw==",
      "dev": true,
      "dependencies": {
        "tunnel": "^0.0.6",
        "undici": "^5.25.4"
      }
    },
    "node_modules/@estruyf/github-actions-reporter": {
      "version": "1.6.0",
      "resolved": "https://registry.npmjs.org/@estruyf/github-actions-reporter/-/github-actions-reporter-1.6.0.tgz",
      "integrity": "sha512-/psxlmgV70kPA9BE50nWYeBXlgt77FRzxdjT3WQDZ7gCCvjHx21Mh54Vlj+75TlxcJOU2LuB32c+1W6fyPrF6w==",
      "dev": true,
      "dependencies": {
        "@actions/core": "^1.10.0",
        "ansi-to-html": "^0.7.2",
        "marked": "^12.0.1"
      },
      "funding": {
        "type": "github",
        "url": "https://github.com/sponsors/estruyf"
      },
      "peerDependencies": {
        "@playwright/test": "^1.42.1"
      }
    },
    "node_modules/@fastify/busboy": {
      "version": "2.1.1",
      "resolved": "https://registry.npmjs.org/@fastify/busboy/-/busboy-2.1.1.tgz",
      "integrity": "sha512-vBZP4NlzfOlerQTnba4aqZoMhE/a9HY7HRqoOPaETQcSQuWEIyZMHGfVu6w9wGtGK5fED5qRs2DteVCjOH60sA==",
      "dev": true,
      "engines": {
        "node": ">=14"
      }
    },
    "node_modules/@playwright/test": {
      "version": "1.47.1",
      "resolved": "https://registry.npmjs.org/@playwright/test/-/test-1.47.1.tgz",
      "integrity": "sha512-dbWpcNQZ5nj16m+A5UNScYx7HX5trIy7g4phrcitn+Nk83S32EBX/CLU4hiF4RGKX/yRc93AAqtfaXB7JWBd4Q==",
      "dev": true,
      "dependencies": {
        "playwright": "1.47.1"
      },
      "bin": {
        "playwright": "cli.js"
      },
      "engines": {
        "node": ">=18"
      }
    },
    "node_modules/ansi-to-html": {
      "version": "0.7.2",
      "resolved": "https://registry.npmjs.org/ansi-to-html/-/ansi-to-html-0.7.2.tgz",
      "integrity": "sha512-v6MqmEpNlxF+POuyhKkidusCHWWkaLcGRURzivcU3I9tv7k4JVhFcnukrM5Rlk2rUywdZuzYAZ+kbZqWCnfN3g==",
      "dev": true,
      "dependencies": {
        "entities": "^2.2.0"
      },
      "bin": {
        "ansi-to-html": "bin/ansi-to-html"
      },
      "engines": {
        "node": ">=8.0.0"
      }
    },
    "node_modules/buffer-writer": {
      "version": "2.0.0",
      "resolved": "https://registry.npmjs.org/buffer-writer/-/buffer-writer-2.0.0.tgz",
      "integrity": "sha512-a7ZpuTZU1TRtnwyCNW3I5dc0wWNC3VR9S++Ewyk2HHZdrO3CQJqSpd+95Us590V6AL7JqUAH2IwZ/398PmNFgw==",
      "dev": true,
      "engines": {
        "node": ">=4"
      }
    },
    "node_modules/entities": {
      "version": "2.2.0",
      "resolved": "https://registry.npmjs.org/entities/-/entities-2.2.0.tgz",
      "integrity": "sha512-p92if5Nz619I0w+akJrLZH0MX0Pb5DX39XOwQTtXSdQQOaYH03S1uIQp4mhOZtAXrxq4ViO67YTiLBo2638o9A==",
      "dev": true,
      "funding": {
        "url": "https://github.com/fb55/entities?sponsor=1"
      }
    },
    "node_modules/fsevents": {
      "version": "2.3.2",
      "resolved": "https://registry.npmjs.org/fsevents/-/fsevents-2.3.2.tgz",
      "integrity": "sha512-xiqMQR4xAeHTuB9uWm+fFRcIOgKBMiOBP+eXiyT7jsgVCq1bkVygt00oASowB7EdtpOHaaPgKt812P9ab+DDKA==",
      "dev": true,
      "hasInstallScript": true,
      "optional": true,
      "os": [
        "darwin"
      ],
      "engines": {
        "node": "^8.16.0 || ^10.6.0 || >=11.0.0"
      }
    },
    "node_modules/marked": {
      "version": "12.0.1",
      "resolved": "https://registry.npmjs.org/marked/-/marked-12.0.1.tgz",
      "integrity": "sha512-Y1/V2yafOcOdWQCX0XpAKXzDakPOpn6U0YLxTJs3cww6VxOzZV1BTOOYWLvH3gX38cq+iLwljHHTnMtlDfg01Q==",
      "dev": true,
      "bin": {
        "marked": "bin/marked.js"
      },
      "engines": {
        "node": ">= 18"
      }
    },
    "node_modules/packet-reader": {
      "version": "1.0.0",
      "resolved": "https://registry.npmjs.org/packet-reader/-/packet-reader-1.0.0.tgz",
      "integrity": "sha512-HAKu/fG3HpHFO0AA8WE8q2g+gBJaZ9MG7fcKk+IJPLTGAD6Psw4443l+9DGRbOIh3/aXr7Phy0TjilYivJo5XQ==",
      "dev": true
    },
    "node_modules/pg": {
      "version": "8.11.0",
      "resolved": "https://registry.npmjs.org/pg/-/pg-8.11.0.tgz",
      "integrity": "sha512-meLUVPn2TWgJyLmy7el3fQQVwft4gU5NGyvV0XbD41iU9Jbg8lCH4zexhIkihDzVHJStlt6r088G6/fWeNjhXA==",
      "dev": true,
      "dependencies": {
        "buffer-writer": "2.0.0",
        "packet-reader": "1.0.0",
        "pg-connection-string": "^2.6.0",
        "pg-pool": "^3.6.0",
        "pg-protocol": "^1.6.0",
        "pg-types": "^2.1.0",
        "pgpass": "1.x"
      },
      "engines": {
        "node": ">= 8.0.0"
      },
      "optionalDependencies": {
        "pg-cloudflare": "^1.1.0"
      },
      "peerDependencies": {
        "pg-native": ">=3.0.1"
      },
      "peerDependenciesMeta": {
        "pg-native": {
          "optional": true
        }
      }
    },
    "node_modules/pg-cloudflare": {
      "version": "1.1.0",
      "resolved": "https://registry.npmjs.org/pg-cloudflare/-/pg-cloudflare-1.1.0.tgz",
      "integrity": "sha512-tGM8/s6frwuAIyRcJ6nWcIvd3+3NmUKIs6OjviIm1HPPFEt5MzQDOTBQyhPWg/m0kCl95M6gA1JaIXtS8KovOA==",
      "dev": true,
      "optional": true
    },
    "node_modules/pg-connection-string": {
      "version": "2.6.0",
      "resolved": "https://registry.npmjs.org/pg-connection-string/-/pg-connection-string-2.6.0.tgz",
      "integrity": "sha512-x14ibktcwlHKoHxx9X3uTVW9zIGR41ZB6QNhHb21OPNdCCO3NaRnpJuwKIQSR4u+Yqjx4HCvy7Hh7VSy1U4dGg==",
      "dev": true
    },
    "node_modules/pg-int8": {
      "version": "1.0.1",
      "resolved": "https://registry.npmjs.org/pg-int8/-/pg-int8-1.0.1.tgz",
      "integrity": "sha512-WCtabS6t3c8SkpDBUlb1kjOs7l66xsGdKpIPZsg4wR+B3+u9UAum2odSsF9tnvxg80h4ZxLWMy4pRjOsFIqQpw==",
      "dev": true,
      "engines": {
        "node": ">=4.0.0"
      }
    },
    "node_modules/pg-pool": {
      "version": "3.6.0",
      "resolved": "https://registry.npmjs.org/pg-pool/-/pg-pool-3.6.0.tgz",
      "integrity": "sha512-clFRf2ksqd+F497kWFyM21tMjeikn60oGDmqMT8UBrynEwVEX/5R5xd2sdvdo1cZCFlguORNpVuqxIj+aK4cfQ==",
      "dev": true,
      "peerDependencies": {
        "pg": ">=8.0"
      }
    },
    "node_modules/pg-protocol": {
      "version": "1.6.0",
      "resolved": "https://registry.npmjs.org/pg-protocol/-/pg-protocol-1.6.0.tgz",
      "integrity": "sha512-M+PDm637OY5WM307051+bsDia5Xej6d9IR4GwJse1qA1DIhiKlksvrneZOYQq42OM+spubpcNYEo2FcKQrDk+Q==",
      "dev": true
    },
    "node_modules/pg-types": {
      "version": "2.2.0",
      "resolved": "https://registry.npmjs.org/pg-types/-/pg-types-2.2.0.tgz",
      "integrity": "sha512-qTAAlrEsl8s4OiEQY69wDvcMIdQN6wdz5ojQiOy6YRMuynxenON0O5oCpJI6lshc6scgAY8qvJ2On/p+CXY0GA==",
      "dev": true,
      "dependencies": {
        "pg-int8": "1.0.1",
        "postgres-array": "~2.0.0",
        "postgres-bytea": "~1.0.0",
        "postgres-date": "~1.0.4",
        "postgres-interval": "^1.1.0"
      },
      "engines": {
        "node": ">=4"
      }
    },
    "node_modules/pgpass": {
      "version": "1.0.5",
      "resolved": "https://registry.npmjs.org/pgpass/-/pgpass-1.0.5.tgz",
      "integrity": "sha512-FdW9r/jQZhSeohs1Z3sI1yxFQNFvMcnmfuj4WBMUTxOrAyLMaTcE1aAMBiTlbMNaXvBCQuVi0R7hd8udDSP7ug==",
      "dev": true,
      "dependencies": {
        "split2": "^4.1.0"
      }
    },
    "node_modules/playwright": {
      "version": "1.47.1",
      "resolved": "https://registry.npmjs.org/playwright/-/playwright-1.47.1.tgz",
      "integrity": "sha512-SUEKi6947IqYbKxRiqnbUobVZY4bF1uu+ZnZNJX9DfU1tlf2UhWfvVjLf01pQx9URsOr18bFVUKXmanYWhbfkw==",
      "dev": true,
      "dependencies": {
        "playwright-core": "1.47.1"
      },
      "bin": {
        "playwright": "cli.js"
      },
      "engines": {
        "node": ">=18"
      },
      "optionalDependencies": {
        "fsevents": "2.3.2"
      }
    },
    "node_modules/playwright-core": {
      "version": "1.47.1",
      "resolved": "https://registry.npmjs.org/playwright-core/-/playwright-core-1.47.1.tgz",
      "integrity": "sha512-i1iyJdLftqtt51mEk6AhYFaAJCDx0xQ/O5NU8EKaWFgMjItPVma542Nh/Aq8aLCjIJSzjaiEQGW/nyqLkGF1OQ==",
      "dev": true,
      "bin": {
        "playwright-core": "cli.js"
      },
      "engines": {
        "node": ">=18"
      }
    },
    "node_modules/postgres-array": {
      "version": "2.0.0",
      "resolved": "https://registry.npmjs.org/postgres-array/-/postgres-array-2.0.0.tgz",
      "integrity": "sha512-VpZrUqU5A69eQyW2c5CA1jtLecCsN2U/bD6VilrFDWq5+5UIEVO7nazS3TEcHf1zuPYO/sqGvUvW62g86RXZuA==",
      "dev": true,
      "engines": {
        "node": ">=4"
      }
    },
    "node_modules/postgres-bytea": {
      "version": "1.0.0",
      "resolved": "https://registry.npmjs.org/postgres-bytea/-/postgres-bytea-1.0.0.tgz",
      "integrity": "sha512-xy3pmLuQqRBZBXDULy7KbaitYqLcmxigw14Q5sj8QBVLqEwXfeybIKVWiqAXTlcvdvb0+xkOtDbfQMOf4lST1w==",
      "dev": true,
      "engines": {
        "node": ">=0.10.0"
      }
    },
    "node_modules/postgres-date": {
      "version": "1.0.7",
      "resolved": "https://registry.npmjs.org/postgres-date/-/postgres-date-1.0.7.tgz",
      "integrity": "sha512-suDmjLVQg78nMK2UZ454hAG+OAW+HQPZ6n++TNDUX+L0+uUlLywnoxJKDou51Zm+zTCjrCl0Nq6J9C5hP9vK/Q==",
      "dev": true,
      "engines": {
        "node": ">=0.10.0"
      }
    },
    "node_modules/postgres-interval": {
      "version": "1.2.0",
      "resolved": "https://registry.npmjs.org/postgres-interval/-/postgres-interval-1.2.0.tgz",
      "integrity": "sha512-9ZhXKM/rw350N1ovuWHbGxnGh/SNJ4cnxHiM0rxE4VN41wsg8P8zWn9hv/buK00RP4WvlOyr/RBDiptyxVbkZQ==",
      "dev": true,
      "dependencies": {
        "xtend": "^4.0.0"
      },
      "engines": {
        "node": ">=0.10.0"
      }
    },
    "node_modules/prettier": {
      "version": "3.0.3",
      "resolved": "https://registry.npmjs.org/prettier/-/prettier-3.0.3.tgz",
      "integrity": "sha512-L/4pUDMxcNa8R/EthV08Zt42WBO4h1rarVtK0K+QJG0X187OLo7l699jWw0GKuwzkPQ//jMFA/8Xm6Fh3J/DAg==",
      "dev": true,
      "bin": {
        "prettier": "bin/prettier.cjs"
      },
      "engines": {
        "node": ">=14"
      },
      "funding": {
        "url": "https://github.com/prettier/prettier?sponsor=1"
      }
    },
    "node_modules/split2": {
      "version": "4.1.0",
      "resolved": "https://registry.npmjs.org/split2/-/split2-4.1.0.tgz",
      "integrity": "sha512-VBiJxFkxiXRlUIeyMQi8s4hgvKCSjtknJv/LVYbrgALPwf5zSKmEwV9Lst25AkvMDnvxODugjdl6KZgwKM1WYQ==",
      "dev": true,
      "engines": {
        "node": ">= 10.x"
      }
    },
    "node_modules/tunnel": {
      "version": "0.0.6",
      "resolved": "https://registry.npmjs.org/tunnel/-/tunnel-0.0.6.tgz",
      "integrity": "sha512-1h/Lnq9yajKY2PEbBadPXj3VxsDDu844OnaAo52UVmIzIvwwtBPIuNvkjuzBlTWpfJyUbG3ez0KSBibQkj4ojg==",
      "dev": true,
      "engines": {
        "node": ">=0.6.11 <=0.7.0 || >=0.7.3"
      }
    },
    "node_modules/undici": {
      "version": "5.28.4",
      "resolved": "https://registry.npmjs.org/undici/-/undici-5.28.4.tgz",
      "integrity": "sha512-72RFADWFqKmUb2hmmvNODKL3p9hcB6Gt2DOQMis1SEBaV6a4MH8soBvzg+95CYhCKPFedut2JY9bMfrDl9D23g==",
      "dev": true,
      "dependencies": {
        "@fastify/busboy": "^2.0.0"
      },
      "engines": {
        "node": ">=14.0"
      }
    },
    "node_modules/uuid": {
      "version": "8.3.2",
      "resolved": "https://registry.npmjs.org/uuid/-/uuid-8.3.2.tgz",
      "integrity": "sha512-+NYs2QeMWy+GWFOEm9xnn6HCDp0l7QBD7ml8zLUmJ+93Q5NF0NocErnwkTkXVFNiX3/fpC6afS8Dhb/gz7R7eg==",
      "dev": true,
      "bin": {
        "uuid": "dist/bin/uuid"
      }
    },
    "node_modules/xtend": {
      "version": "4.0.2",
      "resolved": "https://registry.npmjs.org/xtend/-/xtend-4.0.2.tgz",
      "integrity": "sha512-LKYU1iAXJXUgAXn9URjiu+MWhyUXHsvfp7mcuYm9dSUKK0/CjtrUwFAxD82/mCWbtLsGjFIad0wIsod4zrTAEQ==",
      "dev": true,
      "engines": {
        "node": ">=0.4"
      }
    }
  },
  "dependencies": {
    "@actions/core": {
      "version": "1.10.1",
      "resolved": "https://registry.npmjs.org/@actions/core/-/core-1.10.1.tgz",
      "integrity": "sha512-3lBR9EDAY+iYIpTnTIXmWcNbX3T2kCkAEQGIQx4NVQ0575nk2k3GRZDTPQG+vVtS2izSLmINlxXf0uLtnrTP+g==",
      "dev": true,
      "requires": {
        "@actions/http-client": "^2.0.1",
        "uuid": "^8.3.2"
      }
    },
    "@actions/http-client": {
      "version": "2.2.1",
      "resolved": "https://registry.npmjs.org/@actions/http-client/-/http-client-2.2.1.tgz",
      "integrity": "sha512-KhC/cZsq7f8I4LfZSJKgCvEwfkE8o1538VoBeoGzokVLLnbFDEAdFD3UhoMklxo2un9NJVBdANOresx7vTHlHw==",
      "dev": true,
      "requires": {
        "tunnel": "^0.0.6",
        "undici": "^5.25.4"
      }
    },
    "@estruyf/github-actions-reporter": {
      "version": "1.6.0",
      "resolved": "https://registry.npmjs.org/@estruyf/github-actions-reporter/-/github-actions-reporter-1.6.0.tgz",
      "integrity": "sha512-/psxlmgV70kPA9BE50nWYeBXlgt77FRzxdjT3WQDZ7gCCvjHx21Mh54Vlj+75TlxcJOU2LuB32c+1W6fyPrF6w==",
      "dev": true,
      "requires": {
        "@actions/core": "^1.10.0",
        "ansi-to-html": "^0.7.2",
        "marked": "^12.0.1"
      }
    },
    "@fastify/busboy": {
      "version": "2.1.1",
      "resolved": "https://registry.npmjs.org/@fastify/busboy/-/busboy-2.1.1.tgz",
      "integrity": "sha512-vBZP4NlzfOlerQTnba4aqZoMhE/a9HY7HRqoOPaETQcSQuWEIyZMHGfVu6w9wGtGK5fED5qRs2DteVCjOH60sA==",
      "dev": true
    },
    "@playwright/test": {
      "version": "1.47.1",
      "resolved": "https://registry.npmjs.org/@playwright/test/-/test-1.47.1.tgz",
      "integrity": "sha512-dbWpcNQZ5nj16m+A5UNScYx7HX5trIy7g4phrcitn+Nk83S32EBX/CLU4hiF4RGKX/yRc93AAqtfaXB7JWBd4Q==",
      "dev": true,
      "requires": {
        "playwright": "1.47.1"
      }
    },
    "ansi-to-html": {
      "version": "0.7.2",
      "resolved": "https://registry.npmjs.org/ansi-to-html/-/ansi-to-html-0.7.2.tgz",
      "integrity": "sha512-v6MqmEpNlxF+POuyhKkidusCHWWkaLcGRURzivcU3I9tv7k4JVhFcnukrM5Rlk2rUywdZuzYAZ+kbZqWCnfN3g==",
      "dev": true,
      "requires": {
        "entities": "^2.2.0"
      }
    },
    "buffer-writer": {
      "version": "2.0.0",
      "resolved": "https://registry.npmjs.org/buffer-writer/-/buffer-writer-2.0.0.tgz",
      "integrity": "sha512-a7ZpuTZU1TRtnwyCNW3I5dc0wWNC3VR9S++Ewyk2HHZdrO3CQJqSpd+95Us590V6AL7JqUAH2IwZ/398PmNFgw==",
      "dev": true
    },
    "entities": {
      "version": "2.2.0",
      "resolved": "https://registry.npmjs.org/entities/-/entities-2.2.0.tgz",
      "integrity": "sha512-p92if5Nz619I0w+akJrLZH0MX0Pb5DX39XOwQTtXSdQQOaYH03S1uIQp4mhOZtAXrxq4ViO67YTiLBo2638o9A==",
      "dev": true
    },
    "fsevents": {
      "version": "2.3.2",
      "resolved": "https://registry.npmjs.org/fsevents/-/fsevents-2.3.2.tgz",
      "integrity": "sha512-xiqMQR4xAeHTuB9uWm+fFRcIOgKBMiOBP+eXiyT7jsgVCq1bkVygt00oASowB7EdtpOHaaPgKt812P9ab+DDKA==",
      "dev": true,
      "optional": true
    },
    "marked": {
      "version": "12.0.1",
      "resolved": "https://registry.npmjs.org/marked/-/marked-12.0.1.tgz",
      "integrity": "sha512-Y1/V2yafOcOdWQCX0XpAKXzDakPOpn6U0YLxTJs3cww6VxOzZV1BTOOYWLvH3gX38cq+iLwljHHTnMtlDfg01Q==",
      "dev": true
    },
    "packet-reader": {
      "version": "1.0.0",
      "resolved": "https://registry.npmjs.org/packet-reader/-/packet-reader-1.0.0.tgz",
      "integrity": "sha512-HAKu/fG3HpHFO0AA8WE8q2g+gBJaZ9MG7fcKk+IJPLTGAD6Psw4443l+9DGRbOIh3/aXr7Phy0TjilYivJo5XQ==",
      "dev": true
    },
    "pg": {
      "version": "8.11.0",
      "resolved": "https://registry.npmjs.org/pg/-/pg-8.11.0.tgz",
      "integrity": "sha512-meLUVPn2TWgJyLmy7el3fQQVwft4gU5NGyvV0XbD41iU9Jbg8lCH4zexhIkihDzVHJStlt6r088G6/fWeNjhXA==",
      "dev": true,
      "requires": {
        "buffer-writer": "2.0.0",
        "packet-reader": "1.0.0",
        "pg-cloudflare": "^1.1.0",
        "pg-connection-string": "^2.6.0",
        "pg-pool": "^3.6.0",
        "pg-protocol": "^1.6.0",
        "pg-types": "^2.1.0",
        "pgpass": "1.x"
      }
    },
    "pg-cloudflare": {
      "version": "1.1.0",
      "resolved": "https://registry.npmjs.org/pg-cloudflare/-/pg-cloudflare-1.1.0.tgz",
      "integrity": "sha512-tGM8/s6frwuAIyRcJ6nWcIvd3+3NmUKIs6OjviIm1HPPFEt5MzQDOTBQyhPWg/m0kCl95M6gA1JaIXtS8KovOA==",
      "dev": true,
      "optional": true
    },
    "pg-connection-string": {
      "version": "2.6.0",
      "resolved": "https://registry.npmjs.org/pg-connection-string/-/pg-connection-string-2.6.0.tgz",
      "integrity": "sha512-x14ibktcwlHKoHxx9X3uTVW9zIGR41ZB6QNhHb21OPNdCCO3NaRnpJuwKIQSR4u+Yqjx4HCvy7Hh7VSy1U4dGg==",
      "dev": true
    },
    "pg-int8": {
      "version": "1.0.1",
      "resolved": "https://registry.npmjs.org/pg-int8/-/pg-int8-1.0.1.tgz",
      "integrity": "sha512-WCtabS6t3c8SkpDBUlb1kjOs7l66xsGdKpIPZsg4wR+B3+u9UAum2odSsF9tnvxg80h4ZxLWMy4pRjOsFIqQpw==",
      "dev": true
    },
    "pg-pool": {
      "version": "3.6.0",
      "resolved": "https://registry.npmjs.org/pg-pool/-/pg-pool-3.6.0.tgz",
      "integrity": "sha512-clFRf2ksqd+F497kWFyM21tMjeikn60oGDmqMT8UBrynEwVEX/5R5xd2sdvdo1cZCFlguORNpVuqxIj+aK4cfQ==",
      "dev": true,
      "requires": {}
    },
    "pg-protocol": {
      "version": "1.6.0",
      "resolved": "https://registry.npmjs.org/pg-protocol/-/pg-protocol-1.6.0.tgz",
      "integrity": "sha512-M+PDm637OY5WM307051+bsDia5Xej6d9IR4GwJse1qA1DIhiKlksvrneZOYQq42OM+spubpcNYEo2FcKQrDk+Q==",
      "dev": true
    },
    "pg-types": {
      "version": "2.2.0",
      "resolved": "https://registry.npmjs.org/pg-types/-/pg-types-2.2.0.tgz",
      "integrity": "sha512-qTAAlrEsl8s4OiEQY69wDvcMIdQN6wdz5ojQiOy6YRMuynxenON0O5oCpJI6lshc6scgAY8qvJ2On/p+CXY0GA==",
      "dev": true,
      "requires": {
        "pg-int8": "1.0.1",
        "postgres-array": "~2.0.0",
        "postgres-bytea": "~1.0.0",
        "postgres-date": "~1.0.4",
        "postgres-interval": "^1.1.0"
      }
    },
    "pgpass": {
      "version": "1.0.5",
      "resolved": "https://registry.npmjs.org/pgpass/-/pgpass-1.0.5.tgz",
      "integrity": "sha512-FdW9r/jQZhSeohs1Z3sI1yxFQNFvMcnmfuj4WBMUTxOrAyLMaTcE1aAMBiTlbMNaXvBCQuVi0R7hd8udDSP7ug==",
      "dev": true,
      "requires": {
        "split2": "^4.1.0"
      }
    },
    "playwright": {
      "version": "1.47.1",
      "resolved": "https://registry.npmjs.org/playwright/-/playwright-1.47.1.tgz",
      "integrity": "sha512-SUEKi6947IqYbKxRiqnbUobVZY4bF1uu+ZnZNJX9DfU1tlf2UhWfvVjLf01pQx9URsOr18bFVUKXmanYWhbfkw==",
      "dev": true,
      "requires": {
        "fsevents": "2.3.2",
        "playwright-core": "1.47.1"
      }
    },
    "playwright-core": {
      "version": "1.47.1",
      "resolved": "https://registry.npmjs.org/playwright-core/-/playwright-core-1.47.1.tgz",
      "integrity": "sha512-i1iyJdLftqtt51mEk6AhYFaAJCDx0xQ/O5NU8EKaWFgMjItPVma542Nh/Aq8aLCjIJSzjaiEQGW/nyqLkGF1OQ==",
      "dev": true
    },
    "postgres-array": {
      "version": "2.0.0",
      "resolved": "https://registry.npmjs.org/postgres-array/-/postgres-array-2.0.0.tgz",
      "integrity": "sha512-VpZrUqU5A69eQyW2c5CA1jtLecCsN2U/bD6VilrFDWq5+5UIEVO7nazS3TEcHf1zuPYO/sqGvUvW62g86RXZuA==",
      "dev": true
    },
    "postgres-bytea": {
      "version": "1.0.0",
      "resolved": "https://registry.npmjs.org/postgres-bytea/-/postgres-bytea-1.0.0.tgz",
      "integrity": "sha512-xy3pmLuQqRBZBXDULy7KbaitYqLcmxigw14Q5sj8QBVLqEwXfeybIKVWiqAXTlcvdvb0+xkOtDbfQMOf4lST1w==",
      "dev": true
    },
    "postgres-date": {
      "version": "1.0.7",
      "resolved": "https://registry.npmjs.org/postgres-date/-/postgres-date-1.0.7.tgz",
      "integrity": "sha512-suDmjLVQg78nMK2UZ454hAG+OAW+HQPZ6n++TNDUX+L0+uUlLywnoxJKDou51Zm+zTCjrCl0Nq6J9C5hP9vK/Q==",
      "dev": true
    },
    "postgres-interval": {
      "version": "1.2.0",
      "resolved": "https://registry.npmjs.org/postgres-interval/-/postgres-interval-1.2.0.tgz",
      "integrity": "sha512-9ZhXKM/rw350N1ovuWHbGxnGh/SNJ4cnxHiM0rxE4VN41wsg8P8zWn9hv/buK00RP4WvlOyr/RBDiptyxVbkZQ==",
      "dev": true,
      "requires": {
        "xtend": "^4.0.0"
      }
    },
    "prettier": {
      "version": "3.0.3",
      "resolved": "https://registry.npmjs.org/prettier/-/prettier-3.0.3.tgz",
      "integrity": "sha512-L/4pUDMxcNa8R/EthV08Zt42WBO4h1rarVtK0K+QJG0X187OLo7l699jWw0GKuwzkPQ//jMFA/8Xm6Fh3J/DAg==",
      "dev": true
    },
    "split2": {
      "version": "4.1.0",
      "resolved": "https://registry.npmjs.org/split2/-/split2-4.1.0.tgz",
      "integrity": "sha512-VBiJxFkxiXRlUIeyMQi8s4hgvKCSjtknJv/LVYbrgALPwf5zSKmEwV9Lst25AkvMDnvxODugjdl6KZgwKM1WYQ==",
      "dev": true
    },
    "tunnel": {
      "version": "0.0.6",
      "resolved": "https://registry.npmjs.org/tunnel/-/tunnel-0.0.6.tgz",
      "integrity": "sha512-1h/Lnq9yajKY2PEbBadPXj3VxsDDu844OnaAo52UVmIzIvwwtBPIuNvkjuzBlTWpfJyUbG3ez0KSBibQkj4ojg==",
      "dev": true
    },
    "undici": {
      "version": "5.28.4",
      "resolved": "https://registry.npmjs.org/undici/-/undici-5.28.4.tgz",
      "integrity": "sha512-72RFADWFqKmUb2hmmvNODKL3p9hcB6Gt2DOQMis1SEBaV6a4MH8soBvzg+95CYhCKPFedut2JY9bMfrDl9D23g==",
      "dev": true,
      "requires": {
        "@fastify/busboy": "^2.0.0"
      }
    },
    "uuid": {
      "version": "8.3.2",
      "resolved": "https://registry.npmjs.org/uuid/-/uuid-8.3.2.tgz",
      "integrity": "sha512-+NYs2QeMWy+GWFOEm9xnn6HCDp0l7QBD7ml8zLUmJ+93Q5NF0NocErnwkTkXVFNiX3/fpC6afS8Dhb/gz7R7eg==",
      "dev": true
    },
    "xtend": {
      "version": "4.0.2",
      "resolved": "https://registry.npmjs.org/xtend/-/xtend-4.0.2.tgz",
      "integrity": "sha512-LKYU1iAXJXUgAXn9URjiu+MWhyUXHsvfp7mcuYm9dSUKK0/CjtrUwFAxD82/mCWbtLsGjFIad0wIsod4zrTAEQ==",
      "dev": true
    }
  }
}
